// !$*UTF8*$!
{
	archiveVersion = 1;
	classes = {
	};
	objectVersion = 50;
	objects = {

/* Begin PBXBuildFile section */
		AD6AABED24A1E9F6009AD02E /* AppDelegate.m in Sources */ = {isa = PBXBuildFile; fileRef = AD6AABEC24A1E9F6009AD02E /* AppDelegate.m */; };
		AD6AABF824A1E9F6009AD02E /* Assets.xcassets in Resources */ = {isa = PBXBuildFile; fileRef = AD6AABF724A1E9F6009AD02E /* Assets.xcassets */; };
		AD6AABFB24A1E9F6009AD02E /* LaunchScreen.storyboard in Resources */ = {isa = PBXBuildFile; fileRef = AD6AABF924A1E9F6009AD02E /* LaunchScreen.storyboard */; };
		AD6AABFE24A1E9F6009AD02E /* main.m in Sources */ = {isa = PBXBuildFile; fileRef = AD6AABFD24A1E9F6009AD02E /* main.m */; };
		AD6AAC0E24A1FC72009AD02E /* Color.m in Sources */ = {isa = PBXBuildFile; fileRef = AD6AAC0D24A1FC72009AD02E /* Color.m */; };
		AD6AAC1224A205C6009AD02E /* StartViewController.m in Sources */ = {isa = PBXBuildFile; fileRef = AD6AAC1124A205C6009AD02E /* StartViewController.m */; };
		AD6AAC1524A25733009AD02E /* Triangle.m in Sources */ = {isa = PBXBuildFile; fileRef = AD6AAC1424A25733009AD02E /* Triangle.m */; };
		AD6AAC1824A33455009AD02E /* InfoViewController.m in Sources */ = {isa = PBXBuildFile; fileRef = AD6AAC1724A33455009AD02E /* InfoViewController.m */; };
		AD6AAC1B24A334A3009AD02E /* GalleryViewController.m in Sources */ = {isa = PBXBuildFile; fileRef = AD6AAC1A24A334A3009AD02E /* GalleryViewController.m */; };
		AD6AAC1E24A3907A009AD02E /* HomeViewController.m in Sources */ = {isa = PBXBuildFile; fileRef = AD6AAC1D24A3907A009AD02E /* HomeViewController.m */; };
		AD6AAC2224A3BC0F009AD02E /* InfoTableViewCell.m in Sources */ = {isa = PBXBuildFile; fileRef = AD6AAC2024A3BC0F009AD02E /* InfoTableViewCell.m */; };
		AD6AAC2324A3BC0F009AD02E /* InfoTableViewCell.xib in Resources */ = {isa = PBXBuildFile; fileRef = AD6AAC2124A3BC0F009AD02E /* InfoTableViewCell.xib */; };
		ADD7816F24A497120051383A /* DetailsViewController.m in Sources */ = {isa = PBXBuildFile; fileRef = ADD7816E24A497120051383A /* DetailsViewController.m */; };
		ADD7817224A4AD8D0051383A /* NSMutableAttributedString+Color.m in Sources */ = {isa = PBXBuildFile; fileRef = ADD7817124A4AD8D0051383A /* NSMutableAttributedString+Color.m */; };
/* End PBXBuildFile section */

/* Begin PBXFileReference section */
		AD6AABE824A1E9F6009AD02E /* rs.ios-stage2-task6.app */ = {isa = PBXFileReference; explicitFileType = wrapper.application; includeInIndex = 0; path = "rs.ios-stage2-task6.app"; sourceTree = BUILT_PRODUCTS_DIR; };
		AD6AABEB24A1E9F6009AD02E /* AppDelegate.h */ = {isa = PBXFileReference; lastKnownFileType = sourcecode.c.h; path = AppDelegate.h; sourceTree = "<group>"; };
		AD6AABEC24A1E9F6009AD02E /* AppDelegate.m */ = {isa = PBXFileReference; lastKnownFileType = sourcecode.c.objc; path = AppDelegate.m; sourceTree = "<group>"; };
		AD6AABF724A1E9F6009AD02E /* Assets.xcassets */ = {isa = PBXFileReference; lastKnownFileType = folder.assetcatalog; path = Assets.xcassets; sourceTree = "<group>"; };
		AD6AABFA24A1E9F6009AD02E /* Base */ = {isa = PBXFileReference; lastKnownFileType = file.storyboard; name = Base; path = Base.lproj/LaunchScreen.storyboard; sourceTree = "<group>"; };
		AD6AABFC24A1E9F6009AD02E /* Info.plist */ = {isa = PBXFileReference; lastKnownFileType = text.plist.xml; path = Info.plist; sourceTree = "<group>"; };
		AD6AABFD24A1E9F6009AD02E /* main.m */ = {isa = PBXFileReference; lastKnownFileType = sourcecode.c.objc; path = main.m; sourceTree = "<group>"; };
		AD6AAC0D24A1FC72009AD02E /* Color.m */ = {isa = PBXFileReference; lastKnownFileType = sourcecode.c.objc; path = Color.m; sourceTree = "<group>"; };
		AD6AAC0F24A1FC98009AD02E /* Color.h */ = {isa = PBXFileReference; lastKnownFileType = sourcecode.c.h; path = Color.h; sourceTree = "<group>"; };
		AD6AAC1024A205C6009AD02E /* StartViewController.h */ = {isa = PBXFileReference; lastKnownFileType = sourcecode.c.h; path = StartViewController.h; sourceTree = "<group>"; };
		AD6AAC1124A205C6009AD02E /* StartViewController.m */ = {isa = PBXFileReference; lastKnownFileType = sourcecode.c.objc; path = StartViewController.m; sourceTree = "<group>"; };
		AD6AAC1324A25733009AD02E /* Triangle.h */ = {isa = PBXFileReference; lastKnownFileType = sourcecode.c.h; path = Triangle.h; sourceTree = "<group>"; };
		AD6AAC1424A25733009AD02E /* Triangle.m */ = {isa = PBXFileReference; lastKnownFileType = sourcecode.c.objc; path = Triangle.m; sourceTree = "<group>"; };
		AD6AAC1624A33455009AD02E /* InfoViewController.h */ = {isa = PBXFileReference; lastKnownFileType = sourcecode.c.h; path = InfoViewController.h; sourceTree = "<group>"; };
		AD6AAC1724A33455009AD02E /* InfoViewController.m */ = {isa = PBXFileReference; lastKnownFileType = sourcecode.c.objc; path = InfoViewController.m; sourceTree = "<group>"; };
		AD6AAC1924A334A3009AD02E /* GalleryViewController.h */ = {isa = PBXFileReference; lastKnownFileType = sourcecode.c.h; path = GalleryViewController.h; sourceTree = "<group>"; };
		AD6AAC1A24A334A3009AD02E /* GalleryViewController.m */ = {isa = PBXFileReference; lastKnownFileType = sourcecode.c.objc; path = GalleryViewController.m; sourceTree = "<group>"; };
		AD6AAC1C24A3907A009AD02E /* HomeViewController.h */ = {isa = PBXFileReference; lastKnownFileType = sourcecode.c.h; path = HomeViewController.h; sourceTree = "<group>"; };
		AD6AAC1D24A3907A009AD02E /* HomeViewController.m */ = {isa = PBXFileReference; lastKnownFileType = sourcecode.c.objc; path = HomeViewController.m; sourceTree = "<group>"; };
		AD6AAC1F24A3BC0F009AD02E /* InfoTableViewCell.h */ = {isa = PBXFileReference; lastKnownFileType = sourcecode.c.h; path = InfoTableViewCell.h; sourceTree = "<group>"; };
		AD6AAC2024A3BC0F009AD02E /* InfoTableViewCell.m */ = {isa = PBXFileReference; lastKnownFileType = sourcecode.c.objc; path = InfoTableViewCell.m; sourceTree = "<group>"; };
		AD6AAC2124A3BC0F009AD02E /* InfoTableViewCell.xib */ = {isa = PBXFileReference; lastKnownFileType = file.xib; path = InfoTableViewCell.xib; sourceTree = "<group>"; };
		ADD7816D24A497120051383A /* DetailsViewController.h */ = {isa = PBXFileReference; lastKnownFileType = sourcecode.c.h; path = DetailsViewController.h; sourceTree = "<group>"; };
		ADD7816E24A497120051383A /* DetailsViewController.m */ = {isa = PBXFileReference; lastKnownFileType = sourcecode.c.objc; path = DetailsViewController.m; sourceTree = "<group>"; };
		ADD7817024A4AD8D0051383A /* NSMutableAttributedString+Color.h */ = {isa = PBXFileReference; lastKnownFileType = sourcecode.c.h; path = "NSMutableAttributedString+Color.h"; sourceTree = "<group>"; };
		ADD7817124A4AD8D0051383A /* NSMutableAttributedString+Color.m */ = {isa = PBXFileReference; lastKnownFileType = sourcecode.c.objc; path = "NSMutableAttributedString+Color.m"; sourceTree = "<group>"; };
/* End PBXFileReference section */

/* Begin PBXFrameworksBuildPhase section */
		AD6AABE524A1E9F6009AD02E /* Frameworks */ = {
			isa = PBXFrameworksBuildPhase;
			buildActionMask = 2147483647;
			files = (
			);
			runOnlyForDeploymentPostprocessing = 0;
		};
/* End PBXFrameworksBuildPhase section */

/* Begin PBXGroup section */
		AD6AABDF24A1E9F5009AD02E = {
			isa = PBXGroup;
			children = (
				AD6AABEA24A1E9F6009AD02E /* rs.ios-stage2-task6 */,
				AD6AABE924A1E9F6009AD02E /* Products */,
			);
			sourceTree = "<group>";
		};
		AD6AABE924A1E9F6009AD02E /* Products */ = {
			isa = PBXGroup;
			children = (
				AD6AABE824A1E9F6009AD02E /* rs.ios-stage2-task6.app */,
			);
			name = Products;
			sourceTree = "<group>";
		};
		AD6AABEA24A1E9F6009AD02E /* rs.ios-stage2-task6 */ = {
			isa = PBXGroup;
			children = (
				AD6AAC2424A3BC1D009AD02E /* Start */,
				AD6AAC2524A3BC24009AD02E /* Info */,
				AD6AAC2624A3BC2E009AD02E /* Gallery */,
				AD6AAC2724A3BC36009AD02E /* Home */,
				AD6AAC2824A3BC77009AD02E /* Views */,
				AD6AAC2924A3BC93009AD02E /* Cells */,
				AD6AAC2A24A3BCAA009AD02E /* Helpers */,
				AD6AABEB24A1E9F6009AD02E /* AppDelegate.h */,
				AD6AABEC24A1E9F6009AD02E /* AppDelegate.m */,
				AD6AABF724A1E9F6009AD02E /* Assets.xcassets */,
				AD6AABF924A1E9F6009AD02E /* LaunchScreen.storyboard */,
				AD6AABFC24A1E9F6009AD02E /* Info.plist */,
				AD6AABFD24A1E9F6009AD02E /* main.m */,
			);
			path = "rs.ios-stage2-task6";
			sourceTree = "<group>";
		};
		AD6AAC2424A3BC1D009AD02E /* Start */ = {
			isa = PBXGroup;
			children = (
				AD6AAC1024A205C6009AD02E /* StartViewController.h */,
				AD6AAC1124A205C6009AD02E /* StartViewController.m */,
			);
			path = Start;
			sourceTree = "<group>";
		};
		AD6AAC2524A3BC24009AD02E /* Info */ = {
			isa = PBXGroup;
			children = (
				ADD7816C24A496AF0051383A /* Details */,
				AD6AAC1624A33455009AD02E /* InfoViewController.h */,
				AD6AAC1724A33455009AD02E /* InfoViewController.m */,
			);
			path = Info;
			sourceTree = "<group>";
		};
		AD6AAC2624A3BC2E009AD02E /* Gallery */ = {
			isa = PBXGroup;
			children = (
				AD6AAC1A24A334A3009AD02E /* GalleryViewController.m */,
				AD6AAC1924A334A3009AD02E /* GalleryViewController.h */,
			);
			path = Gallery;
			sourceTree = "<group>";
		};
		AD6AAC2724A3BC36009AD02E /* Home */ = {
			isa = PBXGroup;
			children = (
				AD6AAC1D24A3907A009AD02E /* HomeViewController.m */,
				AD6AAC1C24A3907A009AD02E /* HomeViewController.h */,
			);
			path = Home;
			sourceTree = "<group>";
		};
		AD6AAC2824A3BC77009AD02E /* Views */ = {
			isa = PBXGroup;
			children = (
				AD6AAC1324A25733009AD02E /* Triangle.h */,
				AD6AAC1424A25733009AD02E /* Triangle.m */,
			);
			path = Views;
			sourceTree = "<group>";
		};
		AD6AAC2924A3BC93009AD02E /* Cells */ = {
			isa = PBXGroup;
			children = (
				AD6AAC1F24A3BC0F009AD02E /* InfoTableViewCell.h */,
				AD6AAC2024A3BC0F009AD02E /* InfoTableViewCell.m */,
				AD6AAC2124A3BC0F009AD02E /* InfoTableViewCell.xib */,
			);
			path = Cells;
			sourceTree = "<group>";
		};
		AD6AAC2A24A3BCAA009AD02E /* Helpers */ = {
			isa = PBXGroup;
			children = (
				AD6AAC0D24A1FC72009AD02E /* Color.m */,
				AD6AAC0F24A1FC98009AD02E /* Color.h */,
				ADD7817024A4AD8D0051383A /* NSMutableAttributedString+Color.h */,
				ADD7817124A4AD8D0051383A /* NSMutableAttributedString+Color.m */,
			);
			path = Helpers;
			sourceTree = "<group>";
		};
		ADD7816C24A496AF0051383A /* Details */ = {
			isa = PBXGroup;
			children = (
				ADD7816D24A497120051383A /* DetailsViewController.h */,
				ADD7816E24A497120051383A /* DetailsViewController.m */,
			);
			path = Details;
			sourceTree = "<group>";
		};
/* End PBXGroup section */

/* Begin PBXNativeTarget section */
		AD6AABE724A1E9F6009AD02E /* rs.ios-stage2-task6 */ = {
			isa = PBXNativeTarget;
			buildConfigurationList = AD6AAC0124A1E9F6009AD02E /* Build configuration list for PBXNativeTarget "rs.ios-stage2-task6" */;
			buildPhases = (
				AD6AABE424A1E9F6009AD02E /* Sources */,
				AD6AABE524A1E9F6009AD02E /* Frameworks */,
				AD6AABE624A1E9F6009AD02E /* Resources */,
			);
			buildRules = (
			);
			dependencies = (
			);
			name = "rs.ios-stage2-task6";
			productName = "rs.ios-stage2-task6";
			productReference = AD6AABE824A1E9F6009AD02E /* rs.ios-stage2-task6.app */;
			productType = "com.apple.product-type.application";
		};
/* End PBXNativeTarget section */

/* Begin PBXProject section */
		AD6AABE024A1E9F5009AD02E /* Project object */ = {
			isa = PBXProject;
			attributes = {
				LastUpgradeCheck = 1150;
				ORGANIZATIONNAME = "Ольга Бычок";
				TargetAttributes = {
					AD6AABE724A1E9F6009AD02E = {
						CreatedOnToolsVersion = 11.5;
					};
				};
			};
			buildConfigurationList = AD6AABE324A1E9F5009AD02E /* Build configuration list for PBXProject "rs.ios-stage2-task6" */;
			compatibilityVersion = "Xcode 9.3";
			developmentRegion = en;
			hasScannedForEncodings = 0;
			knownRegions = (
				en,
				Base,
			);
			mainGroup = AD6AABDF24A1E9F5009AD02E;
			productRefGroup = AD6AABE924A1E9F6009AD02E /* Products */;
			projectDirPath = "";
			projectRoot = "";
			targets = (
				AD6AABE724A1E9F6009AD02E /* rs.ios-stage2-task6 */,
			);
		};
/* End PBXProject section */

/* Begin PBXResourcesBuildPhase section */
		AD6AABE624A1E9F6009AD02E /* Resources */ = {
			isa = PBXResourcesBuildPhase;
			buildActionMask = 2147483647;
			files = (
				AD6AABFB24A1E9F6009AD02E /* LaunchScreen.storyboard in Resources */,
				AD6AAC2324A3BC0F009AD02E /* InfoTableViewCell.xib in Resources */,
				AD6AABF824A1E9F6009AD02E /* Assets.xcassets in Resources */,
			);
			runOnlyForDeploymentPostprocessing = 0;
		};
/* End PBXResourcesBuildPhase section */

/* Begin PBXSourcesBuildPhase section */
		AD6AABE424A1E9F6009AD02E /* Sources */ = {
			isa = PBXSourcesBuildPhase;
			buildActionMask = 2147483647;
			files = (
				AD6AAC2224A3BC0F009AD02E /* InfoTableViewCell.m in Sources */,
				ADD7816F24A497120051383A /* DetailsViewController.m in Sources */,
				AD6AAC1524A25733009AD02E /* Triangle.m in Sources */,
				AD6AABED24A1E9F6009AD02E /* AppDelegate.m in Sources */,
				AD6AAC1824A33455009AD02E /* InfoViewController.m in Sources */,
				AD6AAC0E24A1FC72009AD02E /* Color.m in Sources */,
				AD6AAC1224A205C6009AD02E /* StartViewController.m in Sources */,
				AD6AAC1B24A334A3009AD02E /* GalleryViewController.m in Sources */,
				AD6AABFE24A1E9F6009AD02E /* main.m in Sources */,
				ADD7817224A4AD8D0051383A /* NSMutableAttributedString+Color.m in Sources */,
				AD6AAC1E24A3907A009AD02E /* HomeViewController.m in Sources */,
			);
			runOnlyForDeploymentPostprocessing = 0;
		};
/* End PBXSourcesBuildPhase section */

/* Begin PBXVariantGroup section */
		AD6AABF924A1E9F6009AD02E /* LaunchScreen.storyboard */ = {
			isa = PBXVariantGroup;
			children = (
				AD6AABFA24A1E9F6009AD02E /* Base */,
			);
			name = LaunchScreen.storyboard;
			sourceTree = "<group>";
		};
/* End PBXVariantGroup section */

/* Begin XCBuildConfiguration section */
		AD6AABFF24A1E9F6009AD02E /* Debug */ = {
			isa = XCBuildConfiguration;
			buildSettings = {
				ALWAYS_SEARCH_USER_PATHS = NO;
				CLANG_ANALYZER_NONNULL = YES;
				CLANG_ANALYZER_NUMBER_OBJECT_CONVERSION = YES_AGGRESSIVE;
				CLANG_CXX_LANGUAGE_STANDARD = "gnu++14";
				CLANG_CXX_LIBRARY = "libc++";
				CLANG_ENABLE_MODULES = YES;
				CLANG_ENABLE_OBJC_ARC = YES;
				CLANG_ENABLE_OBJC_WEAK = YES;
				CLANG_WARN_BLOCK_CAPTURE_AUTORELEASING = YES;
				CLANG_WARN_BOOL_CONVERSION = YES;
				CLANG_WARN_COMMA = YES;
				CLANG_WARN_CONSTANT_CONVERSION = YES;
				CLANG_WARN_DEPRECATED_OBJC_IMPLEMENTATIONS = YES;
				CLANG_WARN_DIRECT_OBJC_ISA_USAGE = YES_ERROR;
				CLANG_WARN_DOCUMENTATION_COMMENTS = YES;
				CLANG_WARN_EMPTY_BODY = YES;
				CLANG_WARN_ENUM_CONVERSION = YES;
				CLANG_WARN_INFINITE_RECURSION = YES;
				CLANG_WARN_INT_CONVERSION = YES;
				CLANG_WARN_NON_LITERAL_NULL_CONVERSION = YES;
				CLANG_WARN_OBJC_IMPLICIT_RETAIN_SELF = YES;
				CLANG_WARN_OBJC_LITERAL_CONVERSION = YES;
				CLANG_WARN_OBJC_ROOT_CLASS = YES_ERROR;
				CLANG_WARN_RANGE_LOOP_ANALYSIS = YES;
				CLANG_WARN_STRICT_PROTOTYPES = YES;
				CLANG_WARN_SUSPICIOUS_MOVE = YES;
				CLANG_WARN_UNGUARDED_AVAILABILITY = YES_AGGRESSIVE;
				CLANG_WARN_UNREACHABLE_CODE = YES;
				CLANG_WARN__DUPLICATE_METHOD_MATCH = YES;
				COPY_PHASE_STRIP = NO;
				DEBUG_INFORMATION_FORMAT = dwarf;
				ENABLE_STRICT_OBJC_MSGSEND = YES;
				ENABLE_TESTABILITY = YES;
				GCC_C_LANGUAGE_STANDARD = gnu11;
				GCC_DYNAMIC_NO_PIC = NO;
				GCC_NO_COMMON_BLOCKS = YES;
				GCC_OPTIMIZATION_LEVEL = 0;
				GCC_PREPROCESSOR_DEFINITIONS = (
					"DEBUG=1",
					"$(inherited)",
				);
				GCC_WARN_64_TO_32_BIT_CONVERSION = YES;
				GCC_WARN_ABOUT_RETURN_TYPE = YES_ERROR;
				GCC_WARN_UNDECLARED_SELECTOR = YES;
				GCC_WARN_UNINITIALIZED_AUTOS = YES_AGGRESSIVE;
				GCC_WARN_UNUSED_FUNCTION = YES;
				GCC_WARN_UNUSED_VARIABLE = YES;
				IPHONEOS_DEPLOYMENT_TARGET = 13.5;
				MTL_ENABLE_DEBUG_INFO = INCLUDE_SOURCE;
				MTL_FAST_MATH = YES;
				ONLY_ACTIVE_ARCH = YES;
				SDKROOT = iphoneos;
			};
			name = Debug;
		};
		AD6AAC0024A1E9F6009AD02E /* Release */ = {
			isa = XCBuildConfiguration;
			buildSettings = {
				ALWAYS_SEARCH_USER_PATHS = NO;
				CLANG_ANALYZER_NONNULL = YES;
				CLANG_ANALYZER_NUMBER_OBJECT_CONVERSION = YES_AGGRESSIVE;
				CLANG_CXX_LANGUAGE_STANDARD = "gnu++14";
				CLANG_CXX_LIBRARY = "libc++";
				CLANG_ENABLE_MODULES = YES;
				CLANG_ENABLE_OBJC_ARC = YES;
				CLANG_ENABLE_OBJC_WEAK = YES;
				CLANG_WARN_BLOCK_CAPTURE_AUTORELEASING = YES;
				CLANG_WARN_BOOL_CONVERSION = YES;
				CLANG_WARN_COMMA = YES;
				CLANG_WARN_CONSTANT_CONVERSION = YES;
				CLANG_WARN_DEPRECATED_OBJC_IMPLEMENTATIONS = YES;
				CLANG_WARN_DIRECT_OBJC_ISA_USAGE = YES_ERROR;
				CLANG_WARN_DOCUMENTATION_COMMENTS = YES;
				CLANG_WARN_EMPTY_BODY = YES;
				CLANG_WARN_ENUM_CONVERSION = YES;
				CLANG_WARN_INFINITE_RECURSION = YES;
				CLANG_WARN_INT_CONVERSION = YES;
				CLANG_WARN_NON_LITERAL_NULL_CONVERSION = YES;
				CLANG_WARN_OBJC_IMPLICIT_RETAIN_SELF = YES;
				CLANG_WARN_OBJC_LITERAL_CONVERSION = YES;
				CLANG_WARN_OBJC_ROOT_CLASS = YES_ERROR;
				CLANG_WARN_RANGE_LOOP_ANALYSIS = YES;
				CLANG_WARN_STRICT_PROTOTYPES = YES;
				CLANG_WARN_SUSPICIOUS_MOVE = YES;
				CLANG_WARN_UNGUARDED_AVAILABILITY = YES_AGGRESSIVE;
				CLANG_WARN_UNREACHABLE_CODE = YES;
				CLANG_WARN__DUPLICATE_METHOD_MATCH = YES;
				COPY_PHASE_STRIP = NO;
				DEBUG_INFORMATION_FORMAT = "dwarf-with-dsym";
				ENABLE_NS_ASSERTIONS = NO;
				ENABLE_STRICT_OBJC_MSGSEND = YES;
				GCC_C_LANGUAGE_STANDARD = gnu11;
				GCC_NO_COMMON_BLOCKS = YES;
				GCC_WARN_64_TO_32_BIT_CONVERSION = YES;
				GCC_WARN_ABOUT_RETURN_TYPE = YES_ERROR;
				GCC_WARN_UNDECLARED_SELECTOR = YES;
				GCC_WARN_UNINITIALIZED_AUTOS = YES_AGGRESSIVE;
				GCC_WARN_UNUSED_FUNCTION = YES;
				GCC_WARN_UNUSED_VARIABLE = YES;
				IPHONEOS_DEPLOYMENT_TARGET = 13.5;
				MTL_ENABLE_DEBUG_INFO = NO;
				MTL_FAST_MATH = YES;
				SDKROOT = iphoneos;
				VALIDATE_PRODUCT = YES;
			};
			name = Release;
		};
		AD6AAC0224A1E9F6009AD02E /* Debug */ = {
			isa = XCBuildConfiguration;
			buildSettings = {
				ASSETCATALOG_COMPILER_APPICON_NAME = AppIcon;
				CODE_SIGN_STYLE = Automatic;
				DEVELOPMENT_TEAM = 4886K9NC82;
				INFOPLIST_FILE = "rs.ios-stage2-task6/Info.plist";
				IPHONEOS_DEPLOYMENT_TARGET = 10.0;
				LD_RUNPATH_SEARCH_PATHS = (
					"$(inherited)",
					"@executable_path/Frameworks",
				);
				PRODUCT_BUNDLE_IDENTIFIER = "by.bychok.rs-ios-stage2-task6";
				PRODUCT_NAME = "$(TARGET_NAME)";
				TARGETED_DEVICE_FAMILY = "1,2";
			};
			name = Debug;
		};
		AD6AAC0324A1E9F6009AD02E /* Release */ = {
			isa = XCBuildConfiguration;
			buildSettings = {
				ASSETCATALOG_COMPILER_APPICON_NAME = AppIcon;
				CODE_SIGN_STYLE = Automatic;
				DEVELOPMENT_TEAM = 4886K9NC82;
				INFOPLIST_FILE = "rs.ios-stage2-task6/Info.plist";
				IPHONEOS_DEPLOYMENT_TARGET = 10.0;
				LD_RUNPATH_SEARCH_PATHS = (
					"$(inherited)",
					"@executable_path/Frameworks",
				);
				PRODUCT_BUNDLE_IDENTIFIER = "by.bychok.rs-ios-stage2-task6";
				PRODUCT_NAME = "$(TARGET_NAME)";
				TARGETED_DEVICE_FAMILY = "1,2";
			};
			name = Release;
		};
/* End XCBuildConfiguration section */

/* Begin XCConfigurationList section */
		AD6AABE324A1E9F5009AD02E /* Build configuration list for PBXProject "rs.ios-stage2-task6" */ = {
			isa = XCConfigurationList;
			buildConfigurations = (
				AD6AABFF24A1E9F6009AD02E /* Debug */,
				AD6AAC0024A1E9F6009AD02E /* Release */,
			);
			defaultConfigurationIsVisible = 0;
			defaultConfigurationName = Release;
		};
		AD6AAC0124A1E9F6009AD02E /* Build configuration list for PBXNativeTarget "rs.ios-stage2-task6" */ = {
			isa = XCConfigurationList;
			buildConfigurations = (
				AD6AAC0224A1E9F6009AD02E /* Debug */,
				AD6AAC0324A1E9F6009AD02E /* Release */,
			);
			defaultConfigurationIsVisible = 0;
			defaultConfigurationName = Release;
		};
/* End XCConfigurationList section */
	};
	rootObject = AD6AABE024A1E9F5009AD02E /* Project object */;
}
